
Microsoft Visual Studio Solution File, Format Version 12.00
# Visual Studio Version 17
VisualStudioVersion = 17.9.34701.34
MinimumVisualStudioVersion = 10.0.40219.1
Project("{FAE04EC0-301F-11D3-BF4B-00C04F79EFBC}") = "ConsoleApp2", "ConsoleApp2.csproj", "{144825AF-2E64-4F74-9FB3-4537C246A533}"
EndProject
Global
	GlobalSection(SolutionConfigurationPlatforms) = preSolution
		Debug|Any CPU = Debug|Any CPU
		Release|Any CPU = Release|Any CPU
	EndGlobalSection
	GlobalSection(ProjectConfigurationPlatforms) = postSolution
		{144825AF-2E64-4F74-9FB3-4537C246A533}.Debug|Any CPU.ActiveCfg = Debug|Any CPU
		{144825AF-2E64-4F74-9FB3-4537C246A533}.Debug|Any CPU.Build.0 = Debug|Any CPU
		{144825AF-2E64-4F74-9FB3-4537C246A533}.Release|Any CPU.ActiveCfg = Release|Any CPU
		{144825AF-2E64-4F74-9FB3-4537C246A533}.Release|Any CPU.Build.0 = Release|Any CPU
	EndGlobalSection
	GlobalSection(SolutionProperties) = preSolution
		HideSolutionNode = FALSE
	EndGlobalSection
	GlobalSection(ExtensibilityGlobals) = postSolution
		SolutionGuid = {8EC50562-8778-4F85-9BC1-E9A2ACE0A0D2}
	EndGlobalSection
EndGlobal
